{
  "version": 4,
  "terraform_version": "1.2.5",
  "serial": 16,
  "lineage": "afade3b8-82c8-2c0a-1516-285e3f582d51",
  "outputs": {
    "resource_group_name": {
      "value": "Avanade50-teste",
      "type": "string"
    }
  },
  "resources": [
    {
      "mode": "managed",
      "type": "azurerm_network_interface",
      "name": "myterraformnic",
      "provider": "provider[\"registry.terraform.io/hashicorp/azurerm\"]",
      "instances": [
        {
          "schema_version": 0,
          "attributes": {
            "applied_dns_servers": [],
            "dns_servers": [],
            "enable_accelerated_networking": false,
            "enable_ip_forwarding": false,
            "id": "/subscriptions/6bfb07e2-29e0-440e-8bc9-3368f6b8dd65/resourceGroups/Avanade50-teste/providers/Microsoft.Network/networkInterfaces/meuNIC",
            "internal_dns_name_label": "",
            "internal_domain_name_suffix": "jlch4kglz4uuzgokooqlobmjza.phxx.internal.cloudapp.net",
            "ip_configuration": [
              {
                "gateway_load_balancer_frontend_ip_configuration_id": "",
                "name": "meuNicConfiguration",
                "primary": true,
                "private_ip_address": "10.0.1.4",
                "private_ip_address_allocation": "Dynamic",
                "private_ip_address_version": "IPv4",
                "public_ip_address_id": "/subscriptions/6bfb07e2-29e0-440e-8bc9-3368f6b8dd65/resourceGroups/Avanade50-teste/providers/Microsoft.Network/publicIPAddresses/meuPublicIP",
                "subnet_id": "/subscriptions/6bfb07e2-29e0-440e-8bc9-3368f6b8dd65/resourceGroups/Avanade50-teste/providers/Microsoft.Network/virtualNetworks/minhaVnet/subnets/minhaSubnet1"
              }
            ],
            "location": "westus3",
            "mac_address": "",
            "name": "meuNIC",
            "private_ip_address": "10.0.1.4",
            "private_ip_addresses": [
              "10.0.1.4"
            ],
            "resource_group_name": "Avanade50-teste",
            "tags": null,
            "timeouts": null,
            "virtual_machine_id": ""
          },
          "sensitive_attributes": [],
          "private": "eyJlMmJmYjczMC1lY2FhLTExZTYtOGY4OC0zNDM2M2JjN2M0YzAiOnsiY3JlYXRlIjoxODAwMDAwMDAwMDAwLCJkZWxldGUiOjE4MDAwMDAwMDAwMDAsInJlYWQiOjMwMDAwMDAwMDAwMCwidXBkYXRlIjoxODAwMDAwMDAwMDAwfX0=",
          "dependencies": [
            "azurerm_public_ip.myterraformpublicip",
            "azurerm_resource_group.rg",
            "azurerm_subnet.myterraformsubnet",
            "azurerm_virtual_network.myterraformnetwork"
          ]
        }
      ]
    },
    {
      "mode": "managed",
      "type": "azurerm_network_interface_security_group_association",
      "name": "example",
      "provider": "provider[\"registry.terraform.io/hashicorp/azurerm\"]",
      "instances": [
        {
          "schema_version": 0,
          "attributes": {
            "id": "/subscriptions/6bfb07e2-29e0-440e-8bc9-3368f6b8dd65/resourceGroups/Avanade50-teste/providers/Microsoft.Network/networkInterfaces/meuNIC|/subscriptions/6bfb07e2-29e0-440e-8bc9-3368f6b8dd65/resourceGroups/Avanade50-teste/providers/Microsoft.Network/networkSecurityGroups/meuNetworkSecurityGroup",
            "network_interface_id": "/subscriptions/6bfb07e2-29e0-440e-8bc9-3368f6b8dd65/resourceGroups/Avanade50-teste/providers/Microsoft.Network/networkInterfaces/meuNIC",
            "network_security_group_id": "/subscriptions/6bfb07e2-29e0-440e-8bc9-3368f6b8dd65/resourceGroups/Avanade50-teste/providers/Microsoft.Network/networkSecurityGroups/meuNetworkSecurityGroup",
            "timeouts": null
          },
          "sensitive_attributes": [],
          "private": "eyJlMmJmYjczMC1lY2FhLTExZTYtOGY4OC0zNDM2M2JjN2M0YzAiOnsiY3JlYXRlIjoxODAwMDAwMDAwMDAwLCJkZWxldGUiOjE4MDAwMDAwMDAwMDAsInJlYWQiOjMwMDAwMDAwMDAwMCwidXBkYXRlIjoxODAwMDAwMDAwMDAwfX0=",
          "dependencies": [
            "azurerm_network_interface.myterraformnic",
            "azurerm_network_security_group.myterraformnsg",
            "azurerm_public_ip.myterraformpublicip",
            "azurerm_resource_group.rg",
            "azurerm_subnet.myterraformsubnet",
            "azurerm_virtual_network.myterraformnetwork"
          ]
        }
      ]
    },
    {
      "mode": "managed",
      "type": "azurerm_network_security_group",
      "name": "myterraformnsg",
      "provider": "provider[\"registry.terraform.io/hashicorp/azurerm\"]",
      "instances": [
        {
          "schema_version": 0,
          "attributes": {
            "id": "/subscriptions/6bfb07e2-29e0-440e-8bc9-3368f6b8dd65/resourceGroups/Avanade50-teste/providers/Microsoft.Network/networkSecurityGroups/meuNetworkSecurityGroup",
            "location": "westus3",
            "name": "meuNetworkSecurityGroup",
            "resource_group_name": "Avanade50-teste",
            "security_rule": [
              {
                "access": "Allow",
                "description": "",
                "destination_address_prefix": "*",
                "destination_address_prefixes": [],
                "destination_application_security_group_ids": [],
                "destination_port_range": "22",
                "destination_port_ranges": [],
                "direction": "Inbound",
                "name": "SSH",
                "priority": 1001,
                "protocol": "Tcp",
                "source_address_prefix": "*",
                "source_address_prefixes": [],
                "source_application_security_group_ids": [],
                "source_port_range": "*",
                "source_port_ranges": []
              },
              {
                "access": "Allow",
                "description": "",
                "destination_address_prefix": "*",
                "destination_address_prefixes": [],
                "destination_application_security_group_ids": [],
                "destination_port_range": "80",
                "destination_port_ranges": [],
                "direction": "Inbound",
                "name": "HTTP_PORT",
                "priority": 1002,
                "protocol": "Tcp",
                "source_address_prefix": "*",
                "source_address_prefixes": [],
                "source_application_security_group_ids": [],
                "source_port_range": "*",
                "source_port_ranges": []
              }
            ],
            "tags": null,
            "timeouts": null
          },
          "sensitive_attributes": [],
          "private": "eyJlMmJmYjczMC1lY2FhLTExZTYtOGY4OC0zNDM2M2JjN2M0YzAiOnsiY3JlYXRlIjoxODAwMDAwMDAwMDAwLCJkZWxldGUiOjE4MDAwMDAwMDAwMDAsInJlYWQiOjMwMDAwMDAwMDAwMCwidXBkYXRlIjoxODAwMDAwMDAwMDAwfX0=",
          "dependencies": [
            "azurerm_resource_group.rg"
          ]
        }
      ]
    },
    {
      "mode": "managed",
      "type": "azurerm_public_ip",
      "name": "myterraformpublicip",
      "provider": "provider[\"registry.terraform.io/hashicorp/azurerm\"]",
      "instances": [
        {
          "schema_version": 0,
          "attributes": {
            "allocation_method": "Dynamic",
            "availability_zone": "No-Zone",
            "domain_name_label": null,
            "fqdn": null,
            "id": "/subscriptions/6bfb07e2-29e0-440e-8bc9-3368f6b8dd65/resourceGroups/Avanade50-teste/providers/Microsoft.Network/publicIPAddresses/meuPublicIP",
            "idle_timeout_in_minutes": 4,
            "ip_address": "",
            "ip_tags": null,
            "ip_version": "IPv4",
            "location": "westus3",
            "name": "meuPublicIP",
            "public_ip_prefix_id": null,
            "resource_group_name": "Avanade50-teste",
            "reverse_fqdn": null,
            "sku": "Basic",
            "sku_tier": "Regional",
            "tags": null,
            "timeouts": null,
            "zones": []
          },
          "sensitive_attributes": [],
          "private": "eyJlMmJmYjczMC1lY2FhLTExZTYtOGY4OC0zNDM2M2JjN2M0YzAiOnsiY3JlYXRlIjoxODAwMDAwMDAwMDAwLCJkZWxldGUiOjE4MDAwMDAwMDAwMDAsInJlYWQiOjMwMDAwMDAwMDAwMCwidXBkYXRlIjoxODAwMDAwMDAwMDAwfX0=",
          "dependencies": [
            "azurerm_resource_group.rg"
          ]
        }
      ]
    },
    {
      "mode": "managed",
      "type": "azurerm_resource_group",
      "name": "rg",
      "provider": "provider[\"registry.terraform.io/hashicorp/azurerm\"]",
      "instances": [
        {
          "schema_version": 0,
          "attributes": {
            "id": "/subscriptions/6bfb07e2-29e0-440e-8bc9-3368f6b8dd65/resourceGroups/Avanade50-teste",
            "location": "westus3",
            "name": "Avanade50-teste",
            "tags": null,
            "timeouts": null
          },
          "sensitive_attributes": [],
          "private": "eyJlMmJmYjczMC1lY2FhLTExZTYtOGY4OC0zNDM2M2JjN2M0YzAiOnsiY3JlYXRlIjo1NDAwMDAwMDAwMDAwLCJkZWxldGUiOjU0MDAwMDAwMDAwMDAsInJlYWQiOjMwMDAwMDAwMDAwMCwidXBkYXRlIjo1NDAwMDAwMDAwMDAwfX0="
        }
      ]
    },
    {
      "mode": "managed",
      "type": "azurerm_storage_account",
      "name": "mystorageaccount",
      "provider": "provider[\"registry.terraform.io/hashicorp/azurerm\"]",
      "instances": [
        {
          "schema_version": 2,
          "attributes": {
            "access_tier": "Hot",
            "account_kind": "StorageV2",
            "account_replication_type": "LRS",
            "account_tier": "Standard",
            "allow_blob_public_access": false,
            "azure_files_authentication": [],
            "blob_properties": [
              {
                "change_feed_enabled": false,
                "container_delete_retention_policy": [],
                "cors_rule": [],
                "default_service_version": "",
                "delete_retention_policy": [],
                "last_access_time_enabled": false,
                "versioning_enabled": false
              }
            ],
            "custom_domain": [],
            "customer_managed_key": [],
            "enable_https_traffic_only": true,
            "id": "/subscriptions/6bfb07e2-29e0-440e-8bc9-3368f6b8dd65/resourceGroups/Avanade50-teste/providers/Microsoft.Storage/storageAccounts/strag948cb4825212dfc6",
            "identity": [],
            "infrastructure_encryption_enabled": false,
            "is_hns_enabled": false,
            "large_file_share_enabled": null,
            "location": "westus3",
            "min_tls_version": "TLS1_0",
            "name": "strag948cb4825212dfc6",
            "network_rules": [
              {
                "bypass": [
                  "AzureServices"
                ],
                "default_action": "Allow",
                "ip_rules": [],
                "private_link_access": [],
                "virtual_network_subnet_ids": []
              }
            ],
            "nfsv3_enabled": false,
            "primary_access_key": "XGCDNUvq6F91Zxne/u9TX7qgcHa9aQmPwhYitDhg6D7b6USGztTHnHc/4ri5nfRRXUR1cHNFAk4p+AStYBaDdA==",
            "primary_blob_connection_string": "DefaultEndpointsProtocol=https;BlobEndpoint=https://strag948cb4825212dfc6.blob.core.windows.net/;AccountName=strag948cb4825212dfc6;AccountKey=XGCDNUvq6F91Zxne/u9TX7qgcHa9aQmPwhYitDhg6D7b6USGztTHnHc/4ri5nfRRXUR1cHNFAk4p+AStYBaDdA==",
            "primary_blob_endpoint": "https://strag948cb4825212dfc6.blob.core.windows.net/",
            "primary_blob_host": "strag948cb4825212dfc6.blob.core.windows.net",
            "primary_connection_string": "DefaultEndpointsProtocol=https;AccountName=strag948cb4825212dfc6;AccountKey=XGCDNUvq6F91Zxne/u9TX7qgcHa9aQmPwhYitDhg6D7b6USGztTHnHc/4ri5nfRRXUR1cHNFAk4p+AStYBaDdA==;EndpointSuffix=core.windows.net",
            "primary_dfs_endpoint": "https://strag948cb4825212dfc6.dfs.core.windows.net/",
            "primary_dfs_host": "strag948cb4825212dfc6.dfs.core.windows.net",
            "primary_file_endpoint": "https://strag948cb4825212dfc6.file.core.windows.net/",
            "primary_file_host": "strag948cb4825212dfc6.file.core.windows.net",
            "primary_location": "westus3",
            "primary_queue_endpoint": "https://strag948cb4825212dfc6.queue.core.windows.net/",
            "primary_queue_host": "strag948cb4825212dfc6.queue.core.windows.net",
            "primary_table_endpoint": "https://strag948cb4825212dfc6.table.core.windows.net/",
            "primary_table_host": "strag948cb4825212dfc6.table.core.windows.net",
            "primary_web_endpoint": "https://strag948cb4825212dfc6.z1.web.core.windows.net/",
            "primary_web_host": "strag948cb4825212dfc6.z1.web.core.windows.net",
            "queue_encryption_key_type": "Service",
            "queue_properties": [
              {
                "cors_rule": [],
                "hour_metrics": [
                  {
                    "enabled": true,
                    "include_apis": true,
                    "retention_policy_days": 7,
                    "version": "1.0"
                  }
                ],
                "logging": [
                  {
                    "delete": false,
                    "read": false,
                    "retention_policy_days": 0,
                    "version": "1.0",
                    "write": false
                  }
                ],
                "minute_metrics": [
                  {
                    "enabled": false,
                    "include_apis": false,
                    "retention_policy_days": 0,
                    "version": "1.0"
                  }
                ]
              }
            ],
            "resource_group_name": "Avanade50-teste",
            "routing": [],
            "secondary_access_key": "iP32GFctt8Wnn4T2jgG46MmYQUT03i9gjqLRX0GTeVWQ3KsEzx2xv6r45l91+VV6u87YSisrFG53+AStetKgyw==",
            "secondary_blob_connection_string": "",
            "secondary_blob_endpoint": null,
            "secondary_blob_host": null,
            "secondary_connection_string": "DefaultEndpointsProtocol=https;AccountName=strag948cb4825212dfc6;AccountKey=iP32GFctt8Wnn4T2jgG46MmYQUT03i9gjqLRX0GTeVWQ3KsEzx2xv6r45l91+VV6u87YSisrFG53+AStetKgyw==;EndpointSuffix=core.windows.net",
            "secondary_dfs_endpoint": null,
            "secondary_dfs_host": null,
            "secondary_file_endpoint": null,
            "secondary_file_host": null,
            "secondary_location": "",
            "secondary_queue_endpoint": null,
            "secondary_queue_host": null,
            "secondary_table_endpoint": null,
            "secondary_table_host": null,
            "secondary_web_endpoint": null,
            "secondary_web_host": null,
            "share_properties": [
              {
                "cors_rule": [],
                "retention_policy": [
                  {
                    "days": 7
                  }
                ],
                "smb": []
              }
            ],
            "shared_access_key_enabled": true,
            "static_website": [],
            "table_encryption_key_type": "Service",
            "tags": null,
            "timeouts": null
          },
          "sensitive_attributes": [],
          "private": "eyJlMmJmYjczMC1lY2FhLTExZTYtOGY4OC0zNDM2M2JjN2M0YzAiOnsiY3JlYXRlIjozNjAwMDAwMDAwMDAwLCJkZWxldGUiOjM2MDAwMDAwMDAwMDAsInJlYWQiOjMwMDAwMDAwMDAwMCwidXBkYXRlIjozNjAwMDAwMDAwMDAwfSwic2NoZW1hX3ZlcnNpb24iOiIyIn0=",
          "dependencies": [
            "azurerm_resource_group.rg",
            "random_id.randomId"
          ]
        }
      ]
    },
    {
      "mode": "managed",
      "type": "azurerm_subnet",
      "name": "myterraformsubnet",
      "provider": "provider[\"registry.terraform.io/hashicorp/azurerm\"]",
      "instances": [
        {
          "schema_version": 0,
          "attributes": {
            "address_prefix": "10.0.1.0/24",
            "address_prefixes": [
              "10.0.1.0/24"
            ],
            "delegation": [],
            "enforce_private_link_endpoint_network_policies": false,
            "enforce_private_link_service_network_policies": false,
            "id": "/subscriptions/6bfb07e2-29e0-440e-8bc9-3368f6b8dd65/resourceGroups/Avanade50-teste/providers/Microsoft.Network/virtualNetworks/minhaVnet/subnets/minhaSubnet1",
            "name": "minhaSubnet1",
            "resource_group_name": "Avanade50-teste",
            "service_endpoint_policy_ids": null,
            "service_endpoints": null,
            "timeouts": null,
            "virtual_network_name": "minhaVnet"
          },
          "sensitive_attributes": [],
          "private": "eyJlMmJmYjczMC1lY2FhLTExZTYtOGY4OC0zNDM2M2JjN2M0YzAiOnsiY3JlYXRlIjoxODAwMDAwMDAwMDAwLCJkZWxldGUiOjE4MDAwMDAwMDAwMDAsInJlYWQiOjMwMDAwMDAwMDAwMCwidXBkYXRlIjoxODAwMDAwMDAwMDAwfX0=",
          "dependencies": [
            "azurerm_resource_group.rg",
            "azurerm_virtual_network.myterraformnetwork"
          ]
        }
      ]
    },
    {
      "mode": "managed",
      "type": "azurerm_subnet",
      "name": "myterraformsubnet2",
      "provider": "provider[\"registry.terraform.io/hashicorp/azurerm\"]",
      "instances": [
        {
          "schema_version": 0,
          "attributes": {
            "address_prefix": "10.0.2.0/24",
            "address_prefixes": [
              "10.0.2.0/24"
            ],
            "delegation": [],
            "enforce_private_link_endpoint_network_policies": false,
            "enforce_private_link_service_network_policies": false,
            "id": "/subscriptions/6bfb07e2-29e0-440e-8bc9-3368f6b8dd65/resourceGroups/Avanade50-teste/providers/Microsoft.Network/virtualNetworks/minhaVnet/subnets/minhaSubnet2",
            "name": "minhaSubnet2",
            "resource_group_name": "Avanade50-teste",
            "service_endpoint_policy_ids": null,
            "service_endpoints": null,
            "timeouts": null,
            "virtual_network_name": "minhaVnet"
          },
          "sensitive_attributes": [],
          "private": "eyJlMmJmYjczMC1lY2FhLTExZTYtOGY4OC0zNDM2M2JjN2M0YzAiOnsiY3JlYXRlIjoxODAwMDAwMDAwMDAwLCJkZWxldGUiOjE4MDAwMDAwMDAwMDAsInJlYWQiOjMwMDAwMDAwMDAwMCwidXBkYXRlIjoxODAwMDAwMDAwMDAwfX0=",
          "dependencies": [
            "azurerm_resource_group.rg",
            "azurerm_virtual_network.myterraformnetwork"
          ]
        }
      ]
    },
    {
      "mode": "managed",
      "type": "azurerm_subnet",
      "name": "myterraformsubnet3",
      "provider": "provider[\"registry.terraform.io/hashicorp/azurerm\"]",
      "instances": [
        {
          "schema_version": 0,
          "attributes": {
            "address_prefix": "10.0.3.0/24",
            "address_prefixes": [
              "10.0.3.0/24"
            ],
            "delegation": [],
            "enforce_private_link_endpoint_network_policies": false,
            "enforce_private_link_service_network_policies": false,
            "id": "/subscriptions/6bfb07e2-29e0-440e-8bc9-3368f6b8dd65/resourceGroups/Avanade50-teste/providers/Microsoft.Network/virtualNetworks/minhaVnet/subnets/minhaSubnet3",
            "name": "minhaSubnet3",
            "resource_group_name": "Avanade50-teste",
            "service_endpoint_policy_ids": null,
            "service_endpoints": null,
            "timeouts": null,
            "virtual_network_name": "minhaVnet"
          },
          "sensitive_attributes": [],
          "private": "eyJlMmJmYjczMC1lY2FhLTExZTYtOGY4OC0zNDM2M2JjN2M0YzAiOnsiY3JlYXRlIjoxODAwMDAwMDAwMDAwLCJkZWxldGUiOjE4MDAwMDAwMDAwMDAsInJlYWQiOjMwMDAwMDAwMDAwMCwidXBkYXRlIjoxODAwMDAwMDAwMDAwfX0=",
          "dependencies": [
            "azurerm_resource_group.rg",
            "azurerm_virtual_network.myterraformnetwork"
          ]
        }
      ]
    },
    {
      "mode": "managed",
      "type": "azurerm_virtual_network",
      "name": "myterraformnetwork",
      "provider": "provider[\"registry.terraform.io/hashicorp/azurerm\"]",
      "instances": [
        {
          "schema_version": 0,
          "attributes": {
            "address_space": [
              "10.0.0.0/16"
            ],
            "bgp_community": "",
            "ddos_protection_plan": [],
            "dns_servers": [],
            "flow_timeout_in_minutes": 0,
            "guid": "287fc44a-cfcb-4ca9-99ca-73a0b70589c8",
            "id": "/subscriptions/6bfb07e2-29e0-440e-8bc9-3368f6b8dd65/resourceGroups/Avanade50-teste/providers/Microsoft.Network/virtualNetworks/minhaVnet",
            "location": "westus3",
            "name": "minhaVnet",
            "resource_group_name": "Avanade50-teste",
            "subnet": [],
            "tags": null,
            "timeouts": null,
            "vm_protection_enabled": false
          },
          "sensitive_attributes": [],
          "private": "eyJlMmJmYjczMC1lY2FhLTExZTYtOGY4OC0zNDM2M2JjN2M0YzAiOnsiY3JlYXRlIjoxODAwMDAwMDAwMDAwLCJkZWxldGUiOjE4MDAwMDAwMDAwMDAsInJlYWQiOjMwMDAwMDAwMDAwMCwidXBkYXRlIjoxODAwMDAwMDAwMDAwfX0=",
          "dependencies": [
            "azurerm_resource_group.rg"
          ]
        }
      ]
    },
    {
      "mode": "managed",
      "type": "local_file",
      "name": "criando_arquivo",
      "provider": "provider[\"registry.terraform.io/hashicorp/local\"]",
      "instances": [
        {
          "schema_version": 0,
          "attributes": {
            "content": "-----BEGIN RSA PRIVATE KEY-----\nMIIJKgIBAAKCAgEAtBNoBDBP9uPzLtex58PKvvrWBiY6FEmNw+0iO6guPztE0bp/\no1+2q9zfZGN/IUbUJwWlzQ64GJgF2NXf/5raxmhSW0rMpWT+TSrxmf0aI1yC+NQk\nb3jtfZa40z2AJad4YOl0yzBCOhaIm3F7vdnGYponWEzdH1F/eU2/S7L8gLEfIR0C\nifKr9ShDgcZqhZ1qz0IIEKt/pead1hPRTeL3jGFz9VlG5sCPbNnn5DQYzJ0PvWwq\nIOKXvuFAvPhRceOKlPwepz6acgWsjn0xdDhKcLQnSSFNMDG5LAbIrwU0gAJokpu+\njaGDvp8ZWlnEf7/iIflYY49ajjrWe7dUL/00/AoWNkGTGYk7GgvWw4KNzqPyuwO7\nA6hZ0TeOVmuDMKd4+4p09XCV8Q3Oh9IIb4zoEVu+YSqQSbXFseNj53B0SEDE8Rb+\n22kxEnAqEAMqlxPnNC27w40fP5y0vfzToX4etdMf4/wrjvyQrLF8GRdiBhwzEwN8\nDSs2FMwgw6re64hbCWyhNtCin0s5Hx7DcL0gfQ2ku7XhyzKbNOVQcdWMjgVVhG6Q\nAS5r9zHsTHwrzXS6aVLaGUozNUzS3GDbNMtDmDMgAX3Wjt7HdRfWzDP4SUh13dWD\n/l6oshmwRHGkNWWgP2yrv3WXlvYF78YEiWA1bv7WeQW6yZ7fXLGQx6L9EgECAwEA\nAQKCAgEAiTyI9zhCmOwcd0SXJwSGTYoo9kLH3JI54mmkv0ZrCHGI/zVc9QuK0evg\nrEdPqfKq2JprQ53GG6gwPJKyxcAknzT+HukgkaQoUnM58Zt9AhoNDsnOgs3sYNwv\nO34RXaEGEwWYpwm+TzrBHYYdQhDoKllFRvw9QRMBTVc9RNnBqepSyQ+s0akJ+CqZ\nWBv5Lp9LuWyfbOTmwW7CN1afGvawpmHW19MUP+Pc6p4fJkG17Kp+RmRarvlBoI1W\noy20FFHPWb/TNK53UhKU8Xrj56jGwqHplsg0ZVhfwPfildAntK8hNypOzO2c0/e4\ngK0NHjcEhdPb0vR7lQ2uTFbpaDFW4L8i3o+7af1uMFuEct3FT8M1UI0wTX5X3lpH\nts8ziB0/RlBagfGuaR8PXKdg9uak9Nu4aA/dzRu33AoV3aX7xFUBPxx5Z0nl1712\ndPeddqW3ygMXThKY4Zjmx1d3/HsKkRIi466t6O1FjUll6uUn9b0KeC3A3vSyd03e\nlkqN4BhVj9fQWhAPw9np/iRegH0xZzamyThGnWVHGtj6X9ki7WdCPtkRyESTc2/m\n25QssAlPRMB7K6XLcvFDbRHwhtHmECF5YVCffB5Mw2Ak+SK5tyBDInJJzX73f10X\ngdIyJycd/13wHviJJDvyKXNi93LOa0ijnIaR3Tp5af52hSX5ZgECggEBANeW15go\nLU0ApHpyjbLI5yqGEOUl4B/5ctQ7DqdyMN38xr/0G6HwrG4W6OvB+nbJmUZBwB3c\nazUAEwzQQis5fB0zTqhPRGRnzkah6UmKROkhVVsvv+DFmBZBu+apoH2z0JFcgovI\n7z/qkHGeZL8aoe9dfQiPAPWn6oE5PFpP6veLhVonIom8PI4cBI5JHz5WVKP//U+o\nbxBGvQxKWcWNWD/ugWtJlMf/RvprFk9sUGTjWqCiQRs58SBj7cvycC7debi+iQq5\niRwVxfE3c1DGmFj6UW9UX3VWBcEzuGng9xeSnBfsbo93NGGJ8lz8cj5quD2/1U8w\nVKZmOG78wDkQrZECggEBANXUb0kzhGXYxyMgdXrZLuavY9Xl6esblzgbQK195lmj\njVTY+k1Y1Ptw/gaRbAll7o1V+9JK7yc5ULcOIHK02FVxSBITOKaicoLJcsmlfxTK\n2pLxSfnATCC0l9+7/Vtzs1x/ijrwMXsHgL8A/1YPbRajwmg87j9eWq0J2SyD1eEO\nyNwtCwSjTZpIBlOvhvoHUuxv2+/9MrMnjrzrWt8IqKTGaF5fhX4tgCxhfLpF3mVT\nysi62j0vsho3HPiVHYlrbdA/CHopeUfsOC66sMV+DVlYFhrRoTlmMyeLHoznWdpv\nkGMsV3ysVClT7onNWPHuJsCFITyKdTxCn8FfAI2ipXECggEBAMBicGPsvngvsZc/\ncGlx1K/i0WLbSMTfwnPXe707LpZ6QxX6jUoWzpizQwlXod2tC2VhuUIsd1LljRpr\nIhEWjEY2ieOyUNLUu4PWaqrgg5wSzevAkZbQXWbHJBmzl291LhL5ndmF5tJ/zIRH\nl5nd91H2eGRR0MZnIOJOJChnlsNuswJ/V9fXraYXJI2gfQwQ2Bk9kFwsb2fz6DH2\ni2O6PV1Xxg/qqqVKjZlcRJ19h8RwCmi8QiM8sot4ATV1VFzN8RhGl16FsO/qEiiu\nle4oOr10K4WQolq/+ASv1cpOIdHcWAUVTJgkBQ9hnXETKhO/AkjATmcLNw8Cuyt3\ny0VhN7ECggEATa+KZuvilCX341ktlV5GXeUmvlVzcMlrXST5kI6HG9YByOuztFor\nttZMVBKNT7TKwGqWvMYgsP1vx7HINCRj3Fb1uitlj5TBSabqnzwTOXihhHVJTQWC\nIve5nb1sxMb6SQbFL7iIIYyOR9aS7a9ZELqaLMjGPhuHkgpb7oJPOB7o9qUetaam\n0QCN2+WPglMa22+gVkaFHvWmNBjFwPYiXwr+bBsEIt1hDb61U++CZwnUSK0qEMS9\nTizrx5xVSNHQ6bGc4NUkjO7TUpbdFkM/klAgZ8n1aycoOpuek86RpHyX1pALkO4C\n/ajSpxoF0I+XYKZ9dsNO6H/EDrr3Nn364QKCAQEAjjj9/n0DzBc2U28S1u0GM8a2\nAmLXIBeRtoOpRjMzhLO9TTbyoV9XOJdhgPrXIl0c1vO+bNpxLKgUYNVmNDt65plE\nkNV3TTUMA+PBAhaiEJuRlWNw5IYQqavn7eUVDWY0ywh8oT0FIRfZFYiKJoIsewAI\nA3uXjNJYF7ZAMO9cJH4PLfI5WG7graP/ay/eJfifFEi8Y0ICLxWsn4YUAO+U4jGu\ngvHhwK/BfvBERovBdL5pXs3XtZL1/pS1PXp0eFbgd7qipx+ud4KT59jAG/v8UKTd\n5UTZHyOysmCqpK+hjn+Osa5S4veB4hxYW7kqAICXSve9nY6leiRdTw+wWLXQJA==\n-----END RSA PRIVATE KEY-----\n",
            "content_base64": null,
            "directory_permission": "400",
            "file_permission": "400",
            "filename": "chave_priv",
            "id": "31db18b4d03366e9cb50271c441ccd6cc86fc0f0",
            "sensitive_content": null,
            "source": null
          },
          "sensitive_attributes": [
            [
              {
                "type": "get_attr",
                "value": "content"
              }
            ]
          ],
          "private": "bnVsbA==",
          "dependencies": [
            "tls_private_key.example_ssh"
          ]
        }
      ]
    },
    {
      "mode": "managed",
      "type": "local_file",
      "name": "criando_arquivo_publico",
      "provider": "provider[\"registry.terraform.io/hashicorp/local\"]",
      "instances": [
        {
          "schema_version": 0,
          "attributes": {
            "content": "ssh-rsa AAAAB3NzaC1yc2EAAAADAQABAAACAQC0E2gEME/24/Mu17Hnw8q++tYGJjoUSY3D7SI7qC4/O0TRun+jX7ar3N9kY38hRtQnBaXNDrgYmAXY1d//mtrGaFJbSsylZP5NKvGZ/RojXIL41CRveO19lrjTPYAlp3hg6XTLMEI6FoibcXu92cZimidYTN0fUX95Tb9LsvyAsR8hHQKJ8qv1KEOBxmqFnWrPQggQq3+l5p3WE9FN4veMYXP1WUbmwI9s2efkNBjMnQ+9bCog4pe+4UC8+FFx44qU/B6nPppyBayOfTF0OEpwtCdJIU0wMbksBsivBTSAAmiSm76NoYO+nxlaWcR/v+Ih+Vhjj1qOOtZ7t1Qv/TT8ChY2QZMZiTsaC9bDgo3Oo/K7A7sDqFnRN45Wa4Mwp3j7inT1cJXxDc6H0ghvjOgRW75hKpBJtcWx42PncHRIQMTxFv7baTEScCoQAyqXE+c0LbvDjR8/nLS9/NOhfh610x/j/CuO/JCssXwZF2IGHDMTA3wNKzYUzCDDqt7riFsJbKE20KKfSzkfHsNwvSB9DaS7teHLMps05VBx1YyOBVWEbpABLmv3MexMfCvNdLppUtoZSjM1TNLcYNs0y0OYMyABfdaO3sd1F9bMM/hJSHXd1YP+XqiyGbBEcaQ1ZaA/bKu/dZeW9gXvxgSJYDVu/tZ5BbrJnt9csZDHov0SAQ==\n",
            "content_base64": null,
            "directory_permission": "400",
            "file_permission": "400",
            "filename": "chave_pub",
            "id": "a7de960d438ce4eaea63df25017b052e020575a2",
            "sensitive_content": null,
            "source": null
          },
          "sensitive_attributes": [],
          "private": "bnVsbA==",
          "dependencies": [
            "tls_private_key.example_ssh"
          ]
        }
      ]
    },
    {
      "mode": "managed",
      "type": "random_id",
      "name": "randomId",
      "provider": "provider[\"registry.terraform.io/hashicorp/random\"]",
      "instances": [
        {
          "schema_version": 0,
          "attributes": {
            "b64_std": "lIy0glIS38Y=",
            "b64_url": "lIy0glIS38Y",
            "byte_length": 8,
            "dec": "10704128886168543174",
            "hex": "948cb4825212dfc6",
            "id": "lIy0glIS38Y",
            "keepers": {
              "resource_group": "Avanade50-teste"
            },
            "prefix": null
          },
          "sensitive_attributes": [],
          "private": "bnVsbA==",
          "dependencies": [
            "azurerm_resource_group.rg"
          ]
        }
      ]
    },
    {
      "mode": "managed",
      "type": "tls_private_key",
      "name": "example_ssh",
      "provider": "provider[\"registry.terraform.io/hashicorp/tls\"]",
      "instances": [
        {
          "schema_version": 1,
          "attributes": {
            "algorithm": "RSA",
            "ecdsa_curve": "P224",
            "id": "3d5bbe0751601dda1dfbe5c5dbae848f41960d70",
            "private_key_openssh": "-----BEGIN OPENSSH PRIVATE KEY-----\nb3BlbnNzaC1rZXktdjEAAAAABG5vbmUAAAAEbm9uZQAAAAAAAAABAAACFwAAAAdz\nc2gtcnNhAAAAAwEAAQAAAgEAtBNoBDBP9uPzLtex58PKvvrWBiY6FEmNw+0iO6gu\nPztE0bp/o1+2q9zfZGN/IUbUJwWlzQ64GJgF2NXf/5raxmhSW0rMpWT+TSrxmf0a\nI1yC+NQkb3jtfZa40z2AJad4YOl0yzBCOhaIm3F7vdnGYponWEzdH1F/eU2/S7L8\ngLEfIR0CifKr9ShDgcZqhZ1qz0IIEKt/pead1hPRTeL3jGFz9VlG5sCPbNnn5DQY\nzJ0PvWwqIOKXvuFAvPhRceOKlPwepz6acgWsjn0xdDhKcLQnSSFNMDG5LAbIrwU0\ngAJokpu+jaGDvp8ZWlnEf7/iIflYY49ajjrWe7dUL/00/AoWNkGTGYk7GgvWw4KN\nzqPyuwO7A6hZ0TeOVmuDMKd4+4p09XCV8Q3Oh9IIb4zoEVu+YSqQSbXFseNj53B0\nSEDE8Rb+22kxEnAqEAMqlxPnNC27w40fP5y0vfzToX4etdMf4/wrjvyQrLF8GRdi\nBhwzEwN8DSs2FMwgw6re64hbCWyhNtCin0s5Hx7DcL0gfQ2ku7XhyzKbNOVQcdWM\njgVVhG6QAS5r9zHsTHwrzXS6aVLaGUozNUzS3GDbNMtDmDMgAX3Wjt7HdRfWzDP4\nSUh13dWD/l6oshmwRHGkNWWgP2yrv3WXlvYF78YEiWA1bv7WeQW6yZ7fXLGQx6L9\nEgEAAAc4zlVfuc5VX7kAAAAHc3NoLXJzYQAAAgEAtBNoBDBP9uPzLtex58PKvvrW\nBiY6FEmNw+0iO6guPztE0bp/o1+2q9zfZGN/IUbUJwWlzQ64GJgF2NXf/5raxmhS\nW0rMpWT+TSrxmf0aI1yC+NQkb3jtfZa40z2AJad4YOl0yzBCOhaIm3F7vdnGYpon\nWEzdH1F/eU2/S7L8gLEfIR0CifKr9ShDgcZqhZ1qz0IIEKt/pead1hPRTeL3jGFz\n9VlG5sCPbNnn5DQYzJ0PvWwqIOKXvuFAvPhRceOKlPwepz6acgWsjn0xdDhKcLQn\nSSFNMDG5LAbIrwU0gAJokpu+jaGDvp8ZWlnEf7/iIflYY49ajjrWe7dUL/00/AoW\nNkGTGYk7GgvWw4KNzqPyuwO7A6hZ0TeOVmuDMKd4+4p09XCV8Q3Oh9IIb4zoEVu+\nYSqQSbXFseNj53B0SEDE8Rb+22kxEnAqEAMqlxPnNC27w40fP5y0vfzToX4etdMf\n4/wrjvyQrLF8GRdiBhwzEwN8DSs2FMwgw6re64hbCWyhNtCin0s5Hx7DcL0gfQ2k\nu7XhyzKbNOVQcdWMjgVVhG6QAS5r9zHsTHwrzXS6aVLaGUozNUzS3GDbNMtDmDMg\nAX3Wjt7HdRfWzDP4SUh13dWD/l6oshmwRHGkNWWgP2yrv3WXlvYF78YEiWA1bv7W\neQW6yZ7fXLGQx6L9EgEAAAADAQABAAACAQCJPIj3OEKY7Bx3RJcnBIZNiij2Qsfc\nkjniaaS/RmsIcYj/NVz1C4rR6+CsR0+p8qrYmmtDncYbqDA8krLFwCSfNP4e6SCR\npChScznxm30CGg0Oyc6Czexg3C87fhFdoQYTBZinCb5POsEdhh1CEOgqWUVG/D1B\nEwFNVz1E2cGp6lLJD6zRqQn4KplYG/kun0u5bJ9s5ObBbsI3Vp8a9rCmYdbX0xQ/\n49zqnh8mQbXsqn5GZFqu+UGgjVajLbQUUc9Zv9M0rndSEpTxeuPnqMbCoemWyDRl\nWF/A9+KV0Ce0ryE3Kk7M7ZzT97iArQ0eNwSF09vS9HuVDa5MVuloMVbgvyLej7tp\n/W4wW4Ry3cVPwzVQjTBNflfeWke2zzOIHT9GUFqB8a5pHw9cp2D25qT027hoD93N\nG7fcChXdpfvEVQE/HHlnSeXXvXZ09512pbfKAxdOEpjhmObHV3f8ewqREiLjrq3o\n7UWNSWXq5Sf1vQp4LcDe9LJ3Td6WSo3gGFWP19BaEA/D2en+JF6AfTFnNqbJOEad\nZUca2Ppf2SLtZ0I+2RHIRJNzb+bblCywCU9EwHsrpcty8UNtEfCG0eYQIXlhUJ98\nHkzDYCT5Irm3IEMicknNfvd/XReB0jInJx3/XfAe+IkkO/Ipc2L3cs5rSKOchpHd\nOnlp/naFJflmAQAAAQEAjjj9/n0DzBc2U28S1u0GM8a2AmLXIBeRtoOpRjMzhLO9\nTTbyoV9XOJdhgPrXIl0c1vO+bNpxLKgUYNVmNDt65plEkNV3TTUMA+PBAhaiEJuR\nlWNw5IYQqavn7eUVDWY0ywh8oT0FIRfZFYiKJoIsewAIA3uXjNJYF7ZAMO9cJH4P\nLfI5WG7graP/ay/eJfifFEi8Y0ICLxWsn4YUAO+U4jGugvHhwK/BfvBERovBdL5p\nXs3XtZL1/pS1PXp0eFbgd7qipx+ud4KT59jAG/v8UKTd5UTZHyOysmCqpK+hjn+O\nsa5S4veB4hxYW7kqAICXSve9nY6leiRdTw+wWLXQJAAAAQEA15bXmCgtTQCkenKN\nssjnKoYQ5SXgH/ly1DsOp3Iw3fzGv/QbofCsbhbo68H6dsmZRkHAHdxrNQATDNBC\nKzl8HTNOqE9EZGfORqHpSYpE6SFVWy+/4MWYFkG75qmgfbPQkVyCi8jvP+qQcZ5k\nvxqh7119CI8A9afqgTk8Wk/q94uFWiciibw8jhwEjkkfPlZUo//9T6hvEEa9DEpZ\nxY1YP+6Ba0mUx/9G+msWT2xQZONaoKJBGznxIGPty/JwLt15uL6JCrmJHBXF8Tdz\nUMaYWPpRb1RfdVYFwTO4aeD3F5KcF+xuj3c0YYnyXPxyPmq4Pb/VTzBUpmY4bvzA\nORCtkQAAAQEA1dRvSTOEZdjHIyB1etku5q9j1eXp6xuXOBtArX3mWaONVNj6TVjU\n+3D+BpFsCWXujVX70krvJzlQtw4gcrTYVXFIEhM4pqJygslyyaV/FMrakvFJ+cBM\nILSX37v9W3OzXH+KOvAxeweAvwD/Vg9tFqPCaDzuP15arQnZLIPV4Q7I3C0LBKNN\nmkgGU6+G+gdS7G/b7/0ysyeOvOta3wiopMZoXl+Ffi2ALGF8ukXeZVPKyLraPS+y\nGjcc+JUdiWtt0D8Ieil5R+w4LrqwxX4NWVgWGtGhOWYzJ4sejOdZ2m+QYyxXfKxU\nKVPuic1Y8e4mwIUhPIp1PEKfwV8AjaKlcQAAAAAB\n-----END OPENSSH PRIVATE KEY-----\n",
            "private_key_pem": "-----BEGIN RSA PRIVATE KEY-----\nMIIJKgIBAAKCAgEAtBNoBDBP9uPzLtex58PKvvrWBiY6FEmNw+0iO6guPztE0bp/\no1+2q9zfZGN/IUbUJwWlzQ64GJgF2NXf/5raxmhSW0rMpWT+TSrxmf0aI1yC+NQk\nb3jtfZa40z2AJad4YOl0yzBCOhaIm3F7vdnGYponWEzdH1F/eU2/S7L8gLEfIR0C\nifKr9ShDgcZqhZ1qz0IIEKt/pead1hPRTeL3jGFz9VlG5sCPbNnn5DQYzJ0PvWwq\nIOKXvuFAvPhRceOKlPwepz6acgWsjn0xdDhKcLQnSSFNMDG5LAbIrwU0gAJokpu+\njaGDvp8ZWlnEf7/iIflYY49ajjrWe7dUL/00/AoWNkGTGYk7GgvWw4KNzqPyuwO7\nA6hZ0TeOVmuDMKd4+4p09XCV8Q3Oh9IIb4zoEVu+YSqQSbXFseNj53B0SEDE8Rb+\n22kxEnAqEAMqlxPnNC27w40fP5y0vfzToX4etdMf4/wrjvyQrLF8GRdiBhwzEwN8\nDSs2FMwgw6re64hbCWyhNtCin0s5Hx7DcL0gfQ2ku7XhyzKbNOVQcdWMjgVVhG6Q\nAS5r9zHsTHwrzXS6aVLaGUozNUzS3GDbNMtDmDMgAX3Wjt7HdRfWzDP4SUh13dWD\n/l6oshmwRHGkNWWgP2yrv3WXlvYF78YEiWA1bv7WeQW6yZ7fXLGQx6L9EgECAwEA\nAQKCAgEAiTyI9zhCmOwcd0SXJwSGTYoo9kLH3JI54mmkv0ZrCHGI/zVc9QuK0evg\nrEdPqfKq2JprQ53GG6gwPJKyxcAknzT+HukgkaQoUnM58Zt9AhoNDsnOgs3sYNwv\nO34RXaEGEwWYpwm+TzrBHYYdQhDoKllFRvw9QRMBTVc9RNnBqepSyQ+s0akJ+CqZ\nWBv5Lp9LuWyfbOTmwW7CN1afGvawpmHW19MUP+Pc6p4fJkG17Kp+RmRarvlBoI1W\noy20FFHPWb/TNK53UhKU8Xrj56jGwqHplsg0ZVhfwPfildAntK8hNypOzO2c0/e4\ngK0NHjcEhdPb0vR7lQ2uTFbpaDFW4L8i3o+7af1uMFuEct3FT8M1UI0wTX5X3lpH\nts8ziB0/RlBagfGuaR8PXKdg9uak9Nu4aA/dzRu33AoV3aX7xFUBPxx5Z0nl1712\ndPeddqW3ygMXThKY4Zjmx1d3/HsKkRIi466t6O1FjUll6uUn9b0KeC3A3vSyd03e\nlkqN4BhVj9fQWhAPw9np/iRegH0xZzamyThGnWVHGtj6X9ki7WdCPtkRyESTc2/m\n25QssAlPRMB7K6XLcvFDbRHwhtHmECF5YVCffB5Mw2Ak+SK5tyBDInJJzX73f10X\ngdIyJycd/13wHviJJDvyKXNi93LOa0ijnIaR3Tp5af52hSX5ZgECggEBANeW15go\nLU0ApHpyjbLI5yqGEOUl4B/5ctQ7DqdyMN38xr/0G6HwrG4W6OvB+nbJmUZBwB3c\nazUAEwzQQis5fB0zTqhPRGRnzkah6UmKROkhVVsvv+DFmBZBu+apoH2z0JFcgovI\n7z/qkHGeZL8aoe9dfQiPAPWn6oE5PFpP6veLhVonIom8PI4cBI5JHz5WVKP//U+o\nbxBGvQxKWcWNWD/ugWtJlMf/RvprFk9sUGTjWqCiQRs58SBj7cvycC7debi+iQq5\niRwVxfE3c1DGmFj6UW9UX3VWBcEzuGng9xeSnBfsbo93NGGJ8lz8cj5quD2/1U8w\nVKZmOG78wDkQrZECggEBANXUb0kzhGXYxyMgdXrZLuavY9Xl6esblzgbQK195lmj\njVTY+k1Y1Ptw/gaRbAll7o1V+9JK7yc5ULcOIHK02FVxSBITOKaicoLJcsmlfxTK\n2pLxSfnATCC0l9+7/Vtzs1x/ijrwMXsHgL8A/1YPbRajwmg87j9eWq0J2SyD1eEO\nyNwtCwSjTZpIBlOvhvoHUuxv2+/9MrMnjrzrWt8IqKTGaF5fhX4tgCxhfLpF3mVT\nysi62j0vsho3HPiVHYlrbdA/CHopeUfsOC66sMV+DVlYFhrRoTlmMyeLHoznWdpv\nkGMsV3ysVClT7onNWPHuJsCFITyKdTxCn8FfAI2ipXECggEBAMBicGPsvngvsZc/\ncGlx1K/i0WLbSMTfwnPXe707LpZ6QxX6jUoWzpizQwlXod2tC2VhuUIsd1LljRpr\nIhEWjEY2ieOyUNLUu4PWaqrgg5wSzevAkZbQXWbHJBmzl291LhL5ndmF5tJ/zIRH\nl5nd91H2eGRR0MZnIOJOJChnlsNuswJ/V9fXraYXJI2gfQwQ2Bk9kFwsb2fz6DH2\ni2O6PV1Xxg/qqqVKjZlcRJ19h8RwCmi8QiM8sot4ATV1VFzN8RhGl16FsO/qEiiu\nle4oOr10K4WQolq/+ASv1cpOIdHcWAUVTJgkBQ9hnXETKhO/AkjATmcLNw8Cuyt3\ny0VhN7ECggEATa+KZuvilCX341ktlV5GXeUmvlVzcMlrXST5kI6HG9YByOuztFor\nttZMVBKNT7TKwGqWvMYgsP1vx7HINCRj3Fb1uitlj5TBSabqnzwTOXihhHVJTQWC\nIve5nb1sxMb6SQbFL7iIIYyOR9aS7a9ZELqaLMjGPhuHkgpb7oJPOB7o9qUetaam\n0QCN2+WPglMa22+gVkaFHvWmNBjFwPYiXwr+bBsEIt1hDb61U++CZwnUSK0qEMS9\nTizrx5xVSNHQ6bGc4NUkjO7TUpbdFkM/klAgZ8n1aycoOpuek86RpHyX1pALkO4C\n/ajSpxoF0I+XYKZ9dsNO6H/EDrr3Nn364QKCAQEAjjj9/n0DzBc2U28S1u0GM8a2\nAmLXIBeRtoOpRjMzhLO9TTbyoV9XOJdhgPrXIl0c1vO+bNpxLKgUYNVmNDt65plE\nkNV3TTUMA+PBAhaiEJuRlWNw5IYQqavn7eUVDWY0ywh8oT0FIRfZFYiKJoIsewAI\nA3uXjNJYF7ZAMO9cJH4PLfI5WG7graP/ay/eJfifFEi8Y0ICLxWsn4YUAO+U4jGu\ngvHhwK/BfvBERovBdL5pXs3XtZL1/pS1PXp0eFbgd7qipx+ud4KT59jAG/v8UKTd\n5UTZHyOysmCqpK+hjn+Osa5S4veB4hxYW7kqAICXSve9nY6leiRdTw+wWLXQJA==\n-----END RSA PRIVATE KEY-----\n",
            "private_key_pem_pkcs8": "-----BEGIN PRIVATE KEY-----\nMIIJRAIBADANBgkqhkiG9w0BAQEFAASCCS4wggkqAgEAAoICAQC0E2gEME/24/Mu\n17Hnw8q++tYGJjoUSY3D7SI7qC4/O0TRun+jX7ar3N9kY38hRtQnBaXNDrgYmAXY\n1d//mtrGaFJbSsylZP5NKvGZ/RojXIL41CRveO19lrjTPYAlp3hg6XTLMEI6Foib\ncXu92cZimidYTN0fUX95Tb9LsvyAsR8hHQKJ8qv1KEOBxmqFnWrPQggQq3+l5p3W\nE9FN4veMYXP1WUbmwI9s2efkNBjMnQ+9bCog4pe+4UC8+FFx44qU/B6nPppyBayO\nfTF0OEpwtCdJIU0wMbksBsivBTSAAmiSm76NoYO+nxlaWcR/v+Ih+Vhjj1qOOtZ7\nt1Qv/TT8ChY2QZMZiTsaC9bDgo3Oo/K7A7sDqFnRN45Wa4Mwp3j7inT1cJXxDc6H\n0ghvjOgRW75hKpBJtcWx42PncHRIQMTxFv7baTEScCoQAyqXE+c0LbvDjR8/nLS9\n/NOhfh610x/j/CuO/JCssXwZF2IGHDMTA3wNKzYUzCDDqt7riFsJbKE20KKfSzkf\nHsNwvSB9DaS7teHLMps05VBx1YyOBVWEbpABLmv3MexMfCvNdLppUtoZSjM1TNLc\nYNs0y0OYMyABfdaO3sd1F9bMM/hJSHXd1YP+XqiyGbBEcaQ1ZaA/bKu/dZeW9gXv\nxgSJYDVu/tZ5BbrJnt9csZDHov0SAQIDAQABAoICAQCJPIj3OEKY7Bx3RJcnBIZN\niij2QsfckjniaaS/RmsIcYj/NVz1C4rR6+CsR0+p8qrYmmtDncYbqDA8krLFwCSf\nNP4e6SCRpChScznxm30CGg0Oyc6Czexg3C87fhFdoQYTBZinCb5POsEdhh1CEOgq\nWUVG/D1BEwFNVz1E2cGp6lLJD6zRqQn4KplYG/kun0u5bJ9s5ObBbsI3Vp8a9rCm\nYdbX0xQ/49zqnh8mQbXsqn5GZFqu+UGgjVajLbQUUc9Zv9M0rndSEpTxeuPnqMbC\noemWyDRlWF/A9+KV0Ce0ryE3Kk7M7ZzT97iArQ0eNwSF09vS9HuVDa5MVuloMVbg\nvyLej7tp/W4wW4Ry3cVPwzVQjTBNflfeWke2zzOIHT9GUFqB8a5pHw9cp2D25qT0\n27hoD93NG7fcChXdpfvEVQE/HHlnSeXXvXZ09512pbfKAxdOEpjhmObHV3f8ewqR\nEiLjrq3o7UWNSWXq5Sf1vQp4LcDe9LJ3Td6WSo3gGFWP19BaEA/D2en+JF6AfTFn\nNqbJOEadZUca2Ppf2SLtZ0I+2RHIRJNzb+bblCywCU9EwHsrpcty8UNtEfCG0eYQ\nIXlhUJ98HkzDYCT5Irm3IEMicknNfvd/XReB0jInJx3/XfAe+IkkO/Ipc2L3cs5r\nSKOchpHdOnlp/naFJflmAQKCAQEA15bXmCgtTQCkenKNssjnKoYQ5SXgH/ly1DsO\np3Iw3fzGv/QbofCsbhbo68H6dsmZRkHAHdxrNQATDNBCKzl8HTNOqE9EZGfORqHp\nSYpE6SFVWy+/4MWYFkG75qmgfbPQkVyCi8jvP+qQcZ5kvxqh7119CI8A9afqgTk8\nWk/q94uFWiciibw8jhwEjkkfPlZUo//9T6hvEEa9DEpZxY1YP+6Ba0mUx/9G+msW\nT2xQZONaoKJBGznxIGPty/JwLt15uL6JCrmJHBXF8TdzUMaYWPpRb1RfdVYFwTO4\naeD3F5KcF+xuj3c0YYnyXPxyPmq4Pb/VTzBUpmY4bvzAORCtkQKCAQEA1dRvSTOE\nZdjHIyB1etku5q9j1eXp6xuXOBtArX3mWaONVNj6TVjU+3D+BpFsCWXujVX70krv\nJzlQtw4gcrTYVXFIEhM4pqJygslyyaV/FMrakvFJ+cBMILSX37v9W3OzXH+KOvAx\neweAvwD/Vg9tFqPCaDzuP15arQnZLIPV4Q7I3C0LBKNNmkgGU6+G+gdS7G/b7/0y\nsyeOvOta3wiopMZoXl+Ffi2ALGF8ukXeZVPKyLraPS+yGjcc+JUdiWtt0D8Ieil5\nR+w4LrqwxX4NWVgWGtGhOWYzJ4sejOdZ2m+QYyxXfKxUKVPuic1Y8e4mwIUhPIp1\nPEKfwV8AjaKlcQKCAQEAwGJwY+y+eC+xlz9waXHUr+LRYttIxN/Cc9d7vTsulnpD\nFfqNShbOmLNDCVeh3a0LZWG5Qix3UuWNGmsiERaMRjaJ47JQ0tS7g9ZqquCDnBLN\n68CRltBdZsckGbOXb3UuEvmd2YXm0n/MhEeXmd33UfZ4ZFHQxmcg4k4kKGeWw26z\nAn9X19etphckjaB9DBDYGT2QXCxvZ/PoMfaLY7o9XVfGD+qqpUqNmVxEnX2HxHAK\naLxCIzyyi3gBNXVUXM3xGEaXXoWw7+oSKK6V7ig6vXQrhZCiWr/4BK/Vyk4h0dxY\nBRVMmCQFD2GdcRMqE78CSMBOZws3DwK7K3fLRWE3sQKCAQBNr4pm6+KUJffjWS2V\nXkZd5Sa+VXNwyWtdJPmQjocb1gHI67O0Wiu21kxUEo1PtMrAapa8xiCw/W/Hscg0\nJGPcVvW6K2WPlMFJpuqfPBM5eKGEdUlNBYIi97mdvWzExvpJBsUvuIghjI5H1pLt\nr1kQuposyMY+G4eSClvugk84Huj2pR61pqbRAI3b5Y+CUxrbb6BWRoUe9aY0GMXA\n9iJfCv5sGwQi3WENvrVT74JnCdRIrSoQxL1OLOvHnFVI0dDpsZzg1SSM7tNSlt0W\nQz+SUCBnyfVrJyg6m56TzpGkfJfWkAuQ7gL9qNKnGgXQj5dgpn12w07of8QOuvc2\nffrhAoIBAQCOOP3+fQPMFzZTbxLW7QYzxrYCYtcgF5G2g6lGMzOEs71NNvKhX1c4\nl2GA+tciXRzW875s2nEsqBRg1WY0O3rmmUSQ1XdNNQwD48ECFqIQm5GVY3DkhhCp\nq+ft5RUNZjTLCHyhPQUhF9kViIomgix7AAgDe5eM0lgXtkAw71wkfg8t8jlYbuCt\no/9rL94l+J8USLxjQgIvFayfhhQA75TiMa6C8eHAr8F+8ERGi8F0vmlezde1kvX+\nlLU9enR4VuB3uqKnH653gpPn2MAb+/xQpN3lRNkfI7KyYKqkr6GOf46xrlLi94Hi\nHFhbuSoAgJdK972djqV6JF1PD7BYtdAk\n-----END PRIVATE KEY-----\n",
            "public_key_fingerprint_md5": "4f:d4:8b:57:f8:bf:45:58:33:b7:12:c6:87:d9:6f:60",
            "public_key_fingerprint_sha256": "SHA256:UeMFpqtGcoNCNjBiAiJ3T0E2q55Anbd1DBW/L5gTuxE",
            "public_key_openssh": "ssh-rsa AAAAB3NzaC1yc2EAAAADAQABAAACAQC0E2gEME/24/Mu17Hnw8q++tYGJjoUSY3D7SI7qC4/O0TRun+jX7ar3N9kY38hRtQnBaXNDrgYmAXY1d//mtrGaFJbSsylZP5NKvGZ/RojXIL41CRveO19lrjTPYAlp3hg6XTLMEI6FoibcXu92cZimidYTN0fUX95Tb9LsvyAsR8hHQKJ8qv1KEOBxmqFnWrPQggQq3+l5p3WE9FN4veMYXP1WUbmwI9s2efkNBjMnQ+9bCog4pe+4UC8+FFx44qU/B6nPppyBayOfTF0OEpwtCdJIU0wMbksBsivBTSAAmiSm76NoYO+nxlaWcR/v+Ih+Vhjj1qOOtZ7t1Qv/TT8ChY2QZMZiTsaC9bDgo3Oo/K7A7sDqFnRN45Wa4Mwp3j7inT1cJXxDc6H0ghvjOgRW75hKpBJtcWx42PncHRIQMTxFv7baTEScCoQAyqXE+c0LbvDjR8/nLS9/NOhfh610x/j/CuO/JCssXwZF2IGHDMTA3wNKzYUzCDDqt7riFsJbKE20KKfSzkfHsNwvSB9DaS7teHLMps05VBx1YyOBVWEbpABLmv3MexMfCvNdLppUtoZSjM1TNLcYNs0y0OYMyABfdaO3sd1F9bMM/hJSHXd1YP+XqiyGbBEcaQ1ZaA/bKu/dZeW9gXvxgSJYDVu/tZ5BbrJnt9csZDHov0SAQ==\n",
            "public_key_pem": "-----BEGIN PUBLIC KEY-----\nMIICIjANBgkqhkiG9w0BAQEFAAOCAg8AMIICCgKCAgEAtBNoBDBP9uPzLtex58PK\nvvrWBiY6FEmNw+0iO6guPztE0bp/o1+2q9zfZGN/IUbUJwWlzQ64GJgF2NXf/5ra\nxmhSW0rMpWT+TSrxmf0aI1yC+NQkb3jtfZa40z2AJad4YOl0yzBCOhaIm3F7vdnG\nYponWEzdH1F/eU2/S7L8gLEfIR0CifKr9ShDgcZqhZ1qz0IIEKt/pead1hPRTeL3\njGFz9VlG5sCPbNnn5DQYzJ0PvWwqIOKXvuFAvPhRceOKlPwepz6acgWsjn0xdDhK\ncLQnSSFNMDG5LAbIrwU0gAJokpu+jaGDvp8ZWlnEf7/iIflYY49ajjrWe7dUL/00\n/AoWNkGTGYk7GgvWw4KNzqPyuwO7A6hZ0TeOVmuDMKd4+4p09XCV8Q3Oh9IIb4zo\nEVu+YSqQSbXFseNj53B0SEDE8Rb+22kxEnAqEAMqlxPnNC27w40fP5y0vfzToX4e\ntdMf4/wrjvyQrLF8GRdiBhwzEwN8DSs2FMwgw6re64hbCWyhNtCin0s5Hx7DcL0g\nfQ2ku7XhyzKbNOVQcdWMjgVVhG6QAS5r9zHsTHwrzXS6aVLaGUozNUzS3GDbNMtD\nmDMgAX3Wjt7HdRfWzDP4SUh13dWD/l6oshmwRHGkNWWgP2yrv3WXlvYF78YEiWA1\nbv7WeQW6yZ7fXLGQx6L9EgECAwEAAQ==\n-----END PUBLIC KEY-----\n",
            "rsa_bits": 4096
          },
          "sensitive_attributes": []
        }
      ]
    }
  ]
}
